
Microsoft Visual Studio Solution File, Format Version 12.00
# Visual Studio Version 17
VisualStudioVersion = 17.7.34202.233
MinimumVisualStudioVersion = 10.0.40219.1
Project("{FAE04EC0-301F-11D3-BF4B-00C04F79EFBC}") = "Veterinaria", "Veterinaria\Veterinaria.csproj", "{650599BC-EA80-4ACB-8435-90E782B6702F}"
EndProject
Global
	GlobalSection(SolutionConfigurationPlatforms) = preSolution
		Debug|Any CPU = Debug|Any CPU
		Release|Any CPU = Release|Any CPU
	EndGlobalSection
	GlobalSection(ProjectConfigurationPlatforms) = postSolution
		{650599BC-EA80-4ACB-8435-90E782B6702F}.Debug|Any CPU.ActiveCfg = Debug|Any CPU
		{650599BC-EA80-4ACB-8435-90E782B6702F}.Debug|Any CPU.Build.0 = Debug|Any CPU
		{650599BC-EA80-4ACB-8435-90E782B6702F}.Release|Any CPU.ActiveCfg = Release|Any CPU
		{650599BC-EA80-4ACB-8435-90E782B6702F}.Release|Any CPU.Build.0 = Release|Any CPU
	EndGlobalSection
	GlobalSection(SolutionProperties) = preSolution
		HideSolutionNode = FALSE
	EndGlobalSection
	GlobalSection(ExtensibilityGlobals) = postSolution
		SolutionGuid = {01C0C998-5C27-4930-A472-C8D2AC6B4864}
	EndGlobalSection
EndGlobal
